
Microsoft Visual Studio Solution File, Format Version 12.00
# Visual Studio Version 17
VisualStudioVersion = 17.6.33829.357
MinimumVisualStudioVersion = 10.0.40219.1
Project("{FAE04EC0-301F-11D3-BF4B-00C04F79EFBC}") = "BlogManagmentSystem", "BlogManagmentSystem\BlogManagmentSystem.csproj", "{FB4E947B-D183-4A88-A907-737C3A311E9C}"
EndProject
Global
	GlobalSection(SolutionConfigurationPlatforms) = preSolution
		Debug|Any CPU = Debug|Any CPU
		Release|Any CPU = Release|Any CPU
	EndGlobalSection
	GlobalSection(ProjectConfigurationPlatforms) = postSolution
		{FB4E947B-D183-4A88-A907-737C3A311E9C}.Debug|Any CPU.ActiveCfg = Debug|Any CPU
		{FB4E947B-D183-4A88-A907-737C3A311E9C}.Debug|Any CPU.Build.0 = Debug|Any CPU
		{FB4E947B-D183-4A88-A907-737C3A311E9C}.Release|Any CPU.ActiveCfg = Release|Any CPU
		{FB4E947B-D183-4A88-A907-737C3A311E9C}.Release|Any CPU.Build.0 = Release|Any CPU
	EndGlobalSection
	GlobalSection(SolutionProperties) = preSolution
		HideSolutionNode = FALSE
	EndGlobalSection
	GlobalSection(ExtensibilityGlobals) = postSolution
		SolutionGuid = {DE2FEF0A-8036-4867-8CFD-3555ED6A9BBA}
	EndGlobalSection
EndGlobal
